// !$*UTF8*$!
{
	archiveVersion = 1;
	classes = {
	};
	objectVersion = 56;
	objects = {

/* Begin PBXBuildFile section */
		CE345D802A340757009062DD /* SubtApp.swift in Sources */ = {isa = PBXBuildFile; fileRef = CE345D7F2A340757009062DD /* SubtApp.swift */; };
		CE345D822A340757009062DD /* ContentView.swift in Sources */ = {isa = PBXBuildFile; fileRef = CE345D812A340757009062DD /* ContentView.swift */; };
		CE345D842A340758009062DD /* Assets.xcassets in Resources */ = {isa = PBXBuildFile; fileRef = CE345D832A340758009062DD /* Assets.xcassets */; };
		CE345D872A340758009062DD /* Preview Assets.xcassets in Resources */ = {isa = PBXBuildFile; fileRef = CE345D862A340758009062DD /* Preview Assets.xcassets */; };
		CE345D932A340759009062DD /* SubtTests.swift in Sources */ = {isa = PBXBuildFile; fileRef = CE345D922A340759009062DD /* SubtTests.swift */; };
		CE345D9D2A340759009062DD /* SubtUITests.swift in Sources */ = {isa = PBXBuildFile; fileRef = CE345D9C2A340759009062DD /* SubtUITests.swift */; };
		CE345D9F2A340759009062DD /* SubtUITestsLaunchTests.swift in Sources */ = {isa = PBXBuildFile; fileRef = CE345D9E2A340759009062DD /* SubtUITestsLaunchTests.swift */; };
		CE345DB22A34077D009062DD /* WidgetKit.framework in Frameworks */ = {isa = PBXBuildFile; fileRef = CE345DB12A34077D009062DD /* WidgetKit.framework */; };
		CE345DB42A34077D009062DD /* SwiftUI.framework in Frameworks */ = {isa = PBXBuildFile; fileRef = CE345DB32A34077D009062DD /* SwiftUI.framework */; };
		CE345DB72A34077D009062DD /* SubtWidgetBundle.swift in Sources */ = {isa = PBXBuildFile; fileRef = CE345DB62A34077D009062DD /* SubtWidgetBundle.swift */; };
		CE345DBB2A34077D009062DD /* SubtWidget.swift in Sources */ = {isa = PBXBuildFile; fileRef = CE345DBA2A34077D009062DD /* SubtWidget.swift */; };
		CE345DBD2A34077D009062DD /* AppIntent.swift in Sources */ = {isa = PBXBuildFile; fileRef = CE345DBC2A34077D009062DD /* AppIntent.swift */; };
		CE345DBF2A34077E009062DD /* Assets.xcassets in Resources */ = {isa = PBXBuildFile; fileRef = CE345DBE2A34077E009062DD /* Assets.xcassets */; };
		CE345DC32A34077E009062DD /* SubtWidgetExtension.appex in Embed Foundation Extensions */ = {isa = PBXBuildFile; fileRef = CE345DAF2A34077D009062DD /* SubtWidgetExtension.appex */; settings = {ATTRIBUTES = (RemoveHeadersOnCopy, ); }; };
		CE5F85492A34254200C2068F /* Item.swift in Sources */ = {isa = PBXBuildFile; fileRef = CE5F85482A34254200C2068F /* Item.swift */; };
		CE5F855F2A3427EE00C2068F /* SubtWidgetLiveActivity.swift in Sources */ = {isa = PBXBuildFile; fileRef = CE5F85562A3427C800C2068F /* SubtWidgetLiveActivity.swift */; };
		CE5F85602A3427F200C2068F /* SubtWidgetAttributes.swift in Sources */ = {isa = PBXBuildFile; fileRef = CE5F85552A3427C800C2068F /* SubtWidgetAttributes.swift */; };
		CE5F85612A3427FF00C2068F /* ContentView.swift in Sources */ = {isa = PBXBuildFile; fileRef = CE345D812A340757009062DD /* ContentView.swift */; };
		CE5F85622A34280300C2068F /* Item.swift in Sources */ = {isa = PBXBuildFile; fileRef = CE5F85482A34254200C2068F /* Item.swift */; };
		CE5F85632A34281B00C2068F /* LockScreenView.swift in Sources */ = {isa = PBXBuildFile; fileRef = CE5F85502A3427C800C2068F /* LockScreenView.swift */; };
		CE5F85642A34281D00C2068F /* DynamicIslandExpandView.swift in Sources */ = {isa = PBXBuildFile; fileRef = CE5F85512A3427C800C2068F /* DynamicIslandExpandView.swift */; };
		CE5F85652A34282000C2068F /* CompactTrailingView.swift in Sources */ = {isa = PBXBuildFile; fileRef = CE5F85522A3427C800C2068F /* CompactTrailingView.swift */; };
		CE5F85662A34282200C2068F /* CompactLeadingView.swift in Sources */ = {isa = PBXBuildFile; fileRef = CE5F85532A3427C800C2068F /* CompactLeadingView.swift */; };
		CE5F85672A34282400C2068F /* MinimalView.swift in Sources */ = {isa = PBXBuildFile; fileRef = CE5F85542A3427C800C2068F /* MinimalView.swift */; };
		CE5F85682A34282500C2068F /* MinimalView.swift in Sources */ = {isa = PBXBuildFile; fileRef = CE5F85542A3427C800C2068F /* MinimalView.swift */; };
		CE5F85692A34282700C2068F /* CompactLeadingView.swift in Sources */ = {isa = PBXBuildFile; fileRef = CE5F85532A3427C800C2068F /* CompactLeadingView.swift */; };
		CE5F856A2A34282900C2068F /* CompactTrailingView.swift in Sources */ = {isa = PBXBuildFile; fileRef = CE5F85522A3427C800C2068F /* CompactTrailingView.swift */; };
		CE5F856B2A34282B00C2068F /* LockScreenView.swift in Sources */ = {isa = PBXBuildFile; fileRef = CE5F85502A3427C800C2068F /* LockScreenView.swift */; };
		CE5F856C2A34282C00C2068F /* DynamicIslandExpandView.swift in Sources */ = {isa = PBXBuildFile; fileRef = CE5F85512A3427C800C2068F /* DynamicIslandExpandView.swift */; };
		CE5F856D2A34283600C2068F /* SubtWidgetAttributes.swift in Sources */ = {isa = PBXBuildFile; fileRef = CE5F85552A3427C800C2068F /* SubtWidgetAttributes.swift */; };
/* End PBXBuildFile section */

/* Begin PBXContainerItemProxy section */
		CE345D8F2A340759009062DD /* PBXContainerItemProxy */ = {
			isa = PBXContainerItemProxy;
			containerPortal = CE345D742A340757009062DD /* Project object */;
			proxyType = 1;
			remoteGlobalIDString = CE345D7B2A340757009062DD;
			remoteInfo = Subt;
		};
		CE345D992A340759009062DD /* PBXContainerItemProxy */ = {
			isa = PBXContainerItemProxy;
			containerPortal = CE345D742A340757009062DD /* Project object */;
			proxyType = 1;
			remoteGlobalIDString = CE345D7B2A340757009062DD;
			remoteInfo = Subt;
		};
		CE345DC12A34077E009062DD /* PBXContainerItemProxy */ = {
			isa = PBXContainerItemProxy;
			containerPortal = CE345D742A340757009062DD /* Project object */;
			proxyType = 1;
			remoteGlobalIDString = CE345DAE2A34077D009062DD;
			remoteInfo = SubtWidgetExtension;
		};
/* End PBXContainerItemProxy section */

/* Begin PBXCopyFilesBuildPhase section */
		CE345DC72A34077E009062DD /* Embed Foundation Extensions */ = {
			isa = PBXCopyFilesBuildPhase;
			buildActionMask = 2147483647;
			dstPath = "";
			dstSubfolderSpec = 13;
			files = (
				CE345DC32A34077E009062DD /* SubtWidgetExtension.appex in Embed Foundation Extensions */,
			);
			name = "Embed Foundation Extensions";
			runOnlyForDeploymentPostprocessing = 0;
		};
/* End PBXCopyFilesBuildPhase section */

/* Begin PBXFileReference section */
		CE345D7C2A340757009062DD /* Subt.app */ = {isa = PBXFileReference; explicitFileType = wrapper.application; includeInIndex = 0; path = Subt.app; sourceTree = BUILT_PRODUCTS_DIR; };
		CE345D7F2A340757009062DD /* SubtApp.swift */ = {isa = PBXFileReference; lastKnownFileType = sourcecode.swift; path = SubtApp.swift; sourceTree = "<group>"; };
		CE345D812A340757009062DD /* ContentView.swift */ = {isa = PBXFileReference; lastKnownFileType = sourcecode.swift; path = ContentView.swift; sourceTree = "<group>"; };
		CE345D832A340758009062DD /* Assets.xcassets */ = {isa = PBXFileReference; lastKnownFileType = folder.assetcatalog; path = Assets.xcassets; sourceTree = "<group>"; };
		CE345D862A340758009062DD /* Preview Assets.xcassets */ = {isa = PBXFileReference; lastKnownFileType = folder.assetcatalog; path = "Preview Assets.xcassets"; sourceTree = "<group>"; };
		CE345D8E2A340759009062DD /* SubtTests.xctest */ = {isa = PBXFileReference; explicitFileType = wrapper.cfbundle; includeInIndex = 0; path = SubtTests.xctest; sourceTree = BUILT_PRODUCTS_DIR; };
		CE345D922A340759009062DD /* SubtTests.swift */ = {isa = PBXFileReference; lastKnownFileType = sourcecode.swift; path = SubtTests.swift; sourceTree = "<group>"; };
		CE345D982A340759009062DD /* SubtUITests.xctest */ = {isa = PBXFileReference; explicitFileType = wrapper.cfbundle; includeInIndex = 0; path = SubtUITests.xctest; sourceTree = BUILT_PRODUCTS_DIR; };
		CE345D9C2A340759009062DD /* SubtUITests.swift */ = {isa = PBXFileReference; lastKnownFileType = sourcecode.swift; path = SubtUITests.swift; sourceTree = "<group>"; };
		CE345D9E2A340759009062DD /* SubtUITestsLaunchTests.swift */ = {isa = PBXFileReference; lastKnownFileType = sourcecode.swift; path = SubtUITestsLaunchTests.swift; sourceTree = "<group>"; };
		CE345DAF2A34077D009062DD /* SubtWidgetExtension.appex */ = {isa = PBXFileReference; explicitFileType = "wrapper.app-extension"; includeInIndex = 0; path = SubtWidgetExtension.appex; sourceTree = BUILT_PRODUCTS_DIR; };
		CE345DB12A34077D009062DD /* WidgetKit.framework */ = {isa = PBXFileReference; lastKnownFileType = wrapper.framework; name = WidgetKit.framework; path = System/Library/Frameworks/WidgetKit.framework; sourceTree = SDKROOT; };
		CE345DB32A34077D009062DD /* SwiftUI.framework */ = {isa = PBXFileReference; lastKnownFileType = wrapper.framework; name = SwiftUI.framework; path = System/Library/Frameworks/SwiftUI.framework; sourceTree = SDKROOT; };
		CE345DB62A34077D009062DD /* SubtWidgetBundle.swift */ = {isa = PBXFileReference; lastKnownFileType = sourcecode.swift; path = SubtWidgetBundle.swift; sourceTree = "<group>"; };
		CE345DBA2A34077D009062DD /* SubtWidget.swift */ = {isa = PBXFileReference; lastKnownFileType = sourcecode.swift; path = SubtWidget.swift; sourceTree = "<group>"; };
		CE345DBC2A34077D009062DD /* AppIntent.swift */ = {isa = PBXFileReference; lastKnownFileType = sourcecode.swift; path = AppIntent.swift; sourceTree = "<group>"; };
		CE345DBE2A34077E009062DD /* Assets.xcassets */ = {isa = PBXFileReference; lastKnownFileType = folder.assetcatalog; path = Assets.xcassets; sourceTree = "<group>"; };
		CE345DC02A34077E009062DD /* Info.plist */ = {isa = PBXFileReference; lastKnownFileType = text.plist.xml; path = Info.plist; sourceTree = "<group>"; };
		CE5F85482A34254200C2068F /* Item.swift */ = {isa = PBXFileReference; lastKnownFileType = sourcecode.swift; path = Item.swift; sourceTree = "<group>"; };
		CE5F85502A3427C800C2068F /* LockScreenView.swift */ = {isa = PBXFileReference; fileEncoding = 4; lastKnownFileType = sourcecode.swift; path = LockScreenView.swift; sourceTree = "<group>"; };
		CE5F85512A3427C800C2068F /* DynamicIslandExpandView.swift */ = {isa = PBXFileReference; fileEncoding = 4; lastKnownFileType = sourcecode.swift; path = DynamicIslandExpandView.swift; sourceTree = "<group>"; };
		CE5F85522A3427C800C2068F /* CompactTrailingView.swift */ = {isa = PBXFileReference; fileEncoding = 4; lastKnownFileType = sourcecode.swift; path = CompactTrailingView.swift; sourceTree = "<group>"; };
		CE5F85532A3427C800C2068F /* CompactLeadingView.swift */ = {isa = PBXFileReference; fileEncoding = 4; lastKnownFileType = sourcecode.swift; path = CompactLeadingView.swift; sourceTree = "<group>"; };
		CE5F85542A3427C800C2068F /* MinimalView.swift */ = {isa = PBXFileReference; fileEncoding = 4; lastKnownFileType = sourcecode.swift; path = MinimalView.swift; sourceTree = "<group>"; };
		CE5F85552A3427C800C2068F /* SubtWidgetAttributes.swift */ = {isa = PBXFileReference; fileEncoding = 4; lastKnownFileType = sourcecode.swift; path = SubtWidgetAttributes.swift; sourceTree = "<group>"; };
		CE5F85562A3427C800C2068F /* SubtWidgetLiveActivity.swift */ = {isa = PBXFileReference; fileEncoding = 4; lastKnownFileType = sourcecode.swift; path = SubtWidgetLiveActivity.swift; sourceTree = "<group>"; };
/* End PBXFileReference section */

/* Begin PBXFrameworksBuildPhase section */
		CE345D792A340757009062DD /* Frameworks */ = {
			isa = PBXFrameworksBuildPhase;
			buildActionMask = 2147483647;
			files = (
			);
			runOnlyForDeploymentPostprocessing = 0;
		};
		CE345D8B2A340759009062DD /* Frameworks */ = {
			isa = PBXFrameworksBuildPhase;
			buildActionMask = 2147483647;
			files = (
			);
			runOnlyForDeploymentPostprocessing = 0;
		};
		CE345D952A340759009062DD /* Frameworks */ = {
			isa = PBXFrameworksBuildPhase;
			buildActionMask = 2147483647;
			files = (
			);
			runOnlyForDeploymentPostprocessing = 0;
		};
		CE345DAC2A34077D009062DD /* Frameworks */ = {
			isa = PBXFrameworksBuildPhase;
			buildActionMask = 2147483647;
			files = (
				CE345DB42A34077D009062DD /* SwiftUI.framework in Frameworks */,
				CE345DB22A34077D009062DD /* WidgetKit.framework in Frameworks */,
			);
			runOnlyForDeploymentPostprocessing = 0;
		};
/* End PBXFrameworksBuildPhase section */

/* Begin PBXGroup section */
		CE345D732A340757009062DD = {
			isa = PBXGroup;
			children = (
				CE345D7E2A340757009062DD /* Subt */,
				CE345D912A340759009062DD /* SubtTests */,
				CE345D9B2A340759009062DD /* SubtUITests */,
				CE345DB52A34077D009062DD /* SubtWidget */,
				CE345DB02A34077D009062DD /* Frameworks */,
				CE345D7D2A340757009062DD /* Products */,
			);
			sourceTree = "<group>";
		};
		CE345D7D2A340757009062DD /* Products */ = {
			isa = PBXGroup;
			children = (
				CE345D7C2A340757009062DD /* Subt.app */,
				CE345D8E2A340759009062DD /* SubtTests.xctest */,
				CE345D982A340759009062DD /* SubtUITests.xctest */,
				CE345DAF2A34077D009062DD /* SubtWidgetExtension.appex */,
			);
			name = Products;
			sourceTree = "<group>";
		};
		CE345D7E2A340757009062DD /* Subt */ = {
			isa = PBXGroup;
			children = (
				CE345D7F2A340757009062DD /* SubtApp.swift */,
				CE345D812A340757009062DD /* ContentView.swift */,
				CE345D832A340758009062DD /* Assets.xcassets */,
				CE5F85482A34254200C2068F /* Item.swift */,
				CE345D852A340758009062DD /* Preview Content */,
			);
			path = Subt;
			sourceTree = "<group>";
		};
		CE345D852A340758009062DD /* Preview Content */ = {
			isa = PBXGroup;
			children = (
				CE345D862A340758009062DD /* Preview Assets.xcassets */,
			);
			path = "Preview Content";
			sourceTree = "<group>";
		};
		CE345D912A340759009062DD /* SubtTests */ = {
			isa = PBXGroup;
			children = (
				CE345D922A340759009062DD /* SubtTests.swift */,
			);
			path = SubtTests;
			sourceTree = "<group>";
		};
		CE345D9B2A340759009062DD /* SubtUITests */ = {
			isa = PBXGroup;
			children = (
				CE345D9C2A340759009062DD /* SubtUITests.swift */,
				CE345D9E2A340759009062DD /* SubtUITestsLaunchTests.swift */,
			);
			path = SubtUITests;
			sourceTree = "<group>";
		};
		CE345DB02A34077D009062DD /* Frameworks */ = {
			isa = PBXGroup;
			children = (
				CE345DB12A34077D009062DD /* WidgetKit.framework */,
				CE345DB32A34077D009062DD /* SwiftUI.framework */,
			);
			name = Frameworks;
			sourceTree = "<group>";
		};
		CE345DB52A34077D009062DD /* SubtWidget */ = {
			isa = PBXGroup;
			children = (
				CE5F854E2A3427C800C2068F /* LiveActivity */,
				CE345DB62A34077D009062DD /* SubtWidgetBundle.swift */,
				CE345DBA2A34077D009062DD /* SubtWidget.swift */,
				CE345DBC2A34077D009062DD /* AppIntent.swift */,
				CE345DBE2A34077E009062DD /* Assets.xcassets */,
				CE345DC02A34077E009062DD /* Info.plist */,
			);
			path = SubtWidget;
			sourceTree = "<group>";
		};
		CE5F854E2A3427C800C2068F /* LiveActivity */ = {
			isa = PBXGroup;
			children = (
				CE5F854F2A3427C800C2068F /* View */,
				CE5F85552A3427C800C2068F /* SubtWidgetAttributes.swift */,
				CE5F85562A3427C800C2068F /* SubtWidgetLiveActivity.swift */,
			);
			path = LiveActivity;
			sourceTree = "<group>";
		};
		CE5F854F2A3427C800C2068F /* View */ = {
			isa = PBXGroup;
			children = (
				CE5F85502A3427C800C2068F /* LockScreenView.swift */,
				CE5F85512A3427C800C2068F /* DynamicIslandExpandView.swift */,
				CE5F85522A3427C800C2068F /* CompactTrailingView.swift */,
				CE5F85532A3427C800C2068F /* CompactLeadingView.swift */,
				CE5F85542A3427C800C2068F /* MinimalView.swift */,
			);
			path = View;
			sourceTree = "<group>";
		};
/* End PBXGroup section */

/* Begin PBXNativeTarget section */
		CE345D7B2A340757009062DD /* Subt */ = {
			isa = PBXNativeTarget;
			buildConfigurationList = CE345DA22A340759009062DD /* Build configuration list for PBXNativeTarget "Subt" */;
			buildPhases = (
				CE345D782A340757009062DD /* Sources */,
				CE345D792A340757009062DD /* Frameworks */,
				CE345D7A2A340757009062DD /* Resources */,
				CE345DC72A34077E009062DD /* Embed Foundation Extensions */,
			);
			buildRules = (
			);
			dependencies = (
				CE345DC22A34077E009062DD /* PBXTargetDependency */,
			);
			name = Subt;
			productName = Subt;
			productReference = CE345D7C2A340757009062DD /* Subt.app */;
			productType = "com.apple.product-type.application";
		};
		CE345D8D2A340759009062DD /* SubtTests */ = {
			isa = PBXNativeTarget;
			buildConfigurationList = CE345DA52A340759009062DD /* Build configuration list for PBXNativeTarget "SubtTests" */;
			buildPhases = (
				CE345D8A2A340759009062DD /* Sources */,
				CE345D8B2A340759009062DD /* Frameworks */,
				CE345D8C2A340759009062DD /* Resources */,
			);
			buildRules = (
			);
			dependencies = (
				CE345D902A340759009062DD /* PBXTargetDependency */,
			);
			name = SubtTests;
			productName = SubtTests;
			productReference = CE345D8E2A340759009062DD /* SubtTests.xctest */;
			productType = "com.apple.product-type.bundle.unit-test";
		};
		CE345D972A340759009062DD /* SubtUITests */ = {
			isa = PBXNativeTarget;
			buildConfigurationList = CE345DA82A340759009062DD /* Build configuration list for PBXNativeTarget "SubtUITests" */;
			buildPhases = (
				CE345D942A340759009062DD /* Sources */,
				CE345D952A340759009062DD /* Frameworks */,
				CE345D962A340759009062DD /* Resources */,
			);
			buildRules = (
			);
			dependencies = (
				CE345D9A2A340759009062DD /* PBXTargetDependency */,
			);
			name = SubtUITests;
			productName = SubtUITests;
			productReference = CE345D982A340759009062DD /* SubtUITests.xctest */;
			productType = "com.apple.product-type.bundle.ui-testing";
		};
		CE345DAE2A34077D009062DD /* SubtWidgetExtension */ = {
			isa = PBXNativeTarget;
			buildConfigurationList = CE345DC42A34077E009062DD /* Build configuration list for PBXNativeTarget "SubtWidgetExtension" */;
			buildPhases = (
				CE345DAB2A34077D009062DD /* Sources */,
				CE345DAC2A34077D009062DD /* Frameworks */,
				CE345DAD2A34077D009062DD /* Resources */,
			);
			buildRules = (
			);
			dependencies = (
			);
			name = SubtWidgetExtension;
			productName = SubtWidgetExtension;
			productReference = CE345DAF2A34077D009062DD /* SubtWidgetExtension.appex */;
			productType = "com.apple.product-type.app-extension";
		};
/* End PBXNativeTarget section */

/* Begin PBXProject section */
		CE345D742A340757009062DD /* Project object */ = {
			isa = PBXProject;
			attributes = {
				BuildIndependentTargetsInParallel = 1;
				LastSwiftUpdateCheck = 1500;
				LastUpgradeCheck = 1500;
				TargetAttributes = {
					CE345D7B2A340757009062DD = {
						CreatedOnToolsVersion = 15.0;
					};
					CE345D8D2A340759009062DD = {
						CreatedOnToolsVersion = 15.0;
						TestTargetID = CE345D7B2A340757009062DD;
					};
					CE345D972A340759009062DD = {
						CreatedOnToolsVersion = 15.0;
						TestTargetID = CE345D7B2A340757009062DD;
					};
					CE345DAE2A34077D009062DD = {
						CreatedOnToolsVersion = 15.0;
					};
				};
			};
			buildConfigurationList = CE345D772A340757009062DD /* Build configuration list for PBXProject "Subt" */;
			compatibilityVersion = "Xcode 14.0";
			developmentRegion = en;
			hasScannedForEncodings = 0;
			knownRegions = (
				en,
				Base,
			);
			mainGroup = CE345D732A340757009062DD;
			productRefGroup = CE345D7D2A340757009062DD /* Products */;
			projectDirPath = "";
			projectRoot = "";
			targets = (
				CE345D7B2A340757009062DD /* Subt */,
				CE345D8D2A340759009062DD /* SubtTests */,
				CE345D972A340759009062DD /* SubtUITests */,
				CE345DAE2A34077D009062DD /* SubtWidgetExtension */,
			);
		};
/* End PBXProject section */

/* Begin PBXResourcesBuildPhase section */
		CE345D7A2A340757009062DD /* Resources */ = {
			isa = PBXResourcesBuildPhase;
			buildActionMask = 2147483647;
			files = (
				CE345D872A340758009062DD /* Preview Assets.xcassets in Resources */,
				CE345D842A340758009062DD /* Assets.xcassets in Resources */,
			);
			runOnlyForDeploymentPostprocessing = 0;
		};
		CE345D8C2A340759009062DD /* Resources */ = {
			isa = PBXResourcesBuildPhase;
			buildActionMask = 2147483647;
			files = (
			);
			runOnlyForDeploymentPostprocessing = 0;
		};
		CE345D962A340759009062DD /* Resources */ = {
			isa = PBXResourcesBuildPhase;
			buildActionMask = 2147483647;
			files = (
			);
			runOnlyForDeploymentPostprocessing = 0;
		};
		CE345DAD2A34077D009062DD /* Resources */ = {
			isa = PBXResourcesBuildPhase;
			buildActionMask = 2147483647;
			files = (
				CE345DBF2A34077E009062DD /* Assets.xcassets in Resources */,
			);
			runOnlyForDeploymentPostprocessing = 0;
		};
/* End PBXResourcesBuildPhase section */

/* Begin PBXSourcesBuildPhase section */
		CE345D782A340757009062DD /* Sources */ = {
			isa = PBXSourcesBuildPhase;
			buildActionMask = 2147483647;
			files = (
				CE5F856C2A34282C00C2068F /* DynamicIslandExpandView.swift in Sources */,
				CE5F85692A34282700C2068F /* CompactLeadingView.swift in Sources */,
				CE5F856A2A34282900C2068F /* CompactTrailingView.swift in Sources */,
				CE345D822A340757009062DD /* ContentView.swift in Sources */,
				CE5F856D2A34283600C2068F /* SubtWidgetAttributes.swift in Sources */,
				CE345D802A340757009062DD /* SubtApp.swift in Sources */,
				CE5F856B2A34282B00C2068F /* LockScreenView.swift in Sources */,
				CE5F85682A34282500C2068F /* MinimalView.swift in Sources */,
				CE5F85492A34254200C2068F /* Item.swift in Sources */,
			);
			runOnlyForDeploymentPostprocessing = 0;
		};
		CE345D8A2A340759009062DD /* Sources */ = {
			isa = PBXSourcesBuildPhase;
			buildActionMask = 2147483647;
			files = (
				CE345D932A340759009062DD /* SubtTests.swift in Sources */,
			);
			runOnlyForDeploymentPostprocessing = 0;
		};
		CE345D942A340759009062DD /* Sources */ = {
			isa = PBXSourcesBuildPhase;
			buildActionMask = 2147483647;
			files = (
				CE345D9F2A340759009062DD /* SubtUITestsLaunchTests.swift in Sources */,
				CE345D9D2A340759009062DD /* SubtUITests.swift in Sources */,
			);
			runOnlyForDeploymentPostprocessing = 0;
		};
		CE345DAB2A34077D009062DD /* Sources */ = {
			isa = PBXSourcesBuildPhase;
			buildActionMask = 2147483647;
			files = (
				CE5F85602A3427F200C2068F /* SubtWidgetAttributes.swift in Sources */,
				CE345DBD2A34077D009062DD /* AppIntent.swift in Sources */,
				CE5F85612A3427FF00C2068F /* ContentView.swift in Sources */,
				CE5F85632A34281B00C2068F /* LockScreenView.swift in Sources */,
				CE345DB72A34077D009062DD /* SubtWidgetBundle.swift in Sources */,
				CE5F85622A34280300C2068F /* Item.swift in Sources */,
				CE5F85672A34282400C2068F /* MinimalView.swift in Sources */,
				CE5F85662A34282200C2068F /* CompactLeadingView.swift in Sources */,
				CE5F855F2A3427EE00C2068F /* SubtWidgetLiveActivity.swift in Sources */,
				CE5F85642A34281D00C2068F /* DynamicIslandExpandView.swift in Sources */,
				CE5F85652A34282000C2068F /* CompactTrailingView.swift in Sources */,
				CE345DBB2A34077D009062DD /* SubtWidget.swift in Sources */,
			);
			runOnlyForDeploymentPostprocessing = 0;
		};
/* End PBXSourcesBuildPhase section */

/* Begin PBXTargetDependency section */
		CE345D902A340759009062DD /* PBXTargetDependency */ = {
			isa = PBXTargetDependency;
			target = CE345D7B2A340757009062DD /* Subt */;
			targetProxy = CE345D8F2A340759009062DD /* PBXContainerItemProxy */;
		};
		CE345D9A2A340759009062DD /* PBXTargetDependency */ = {
			isa = PBXTargetDependency;
			target = CE345D7B2A340757009062DD /* Subt */;
			targetProxy = CE345D992A340759009062DD /* PBXContainerItemProxy */;
		};
		CE345DC22A34077E009062DD /* PBXTargetDependency */ = {
			isa = PBXTargetDependency;
			target = CE345DAE2A34077D009062DD /* SubtWidgetExtension */;
			targetProxy = CE345DC12A34077E009062DD /* PBXContainerItemProxy */;
		};
/* End PBXTargetDependency section */

/* Begin XCBuildConfiguration section */
		CE345DA02A340759009062DD /* Debug */ = {
			isa = XCBuildConfiguration;
			buildSettings = {
				ALWAYS_SEARCH_USER_PATHS = NO;
				ASSETCATALOG_COMPILER_GENERATE_SWIFT_ASSET_SYMBOL_EXTENSIONS = YES;
				CLANG_ANALYZER_NONNULL = YES;
				CLANG_ANALYZER_NUMBER_OBJECT_CONVERSION = YES_AGGRESSIVE;
				CLANG_CXX_LANGUAGE_STANDARD = "gnu++20";
				CLANG_ENABLE_MODULES = YES;
				CLANG_ENABLE_OBJC_ARC = YES;
				CLANG_ENABLE_OBJC_WEAK = YES;
				CLANG_WARN_BLOCK_CAPTURE_AUTORELEASING = YES;
				CLANG_WARN_BOOL_CONVERSION = YES;
				CLANG_WARN_COMMA = YES;
				CLANG_WARN_CONSTANT_CONVERSION = YES;
				CLANG_WARN_DEPRECATED_OBJC_IMPLEMENTATIONS = YES;
				CLANG_WARN_DIRECT_OBJC_ISA_USAGE = YES_ERROR;
				CLANG_WARN_DOCUMENTATION_COMMENTS = YES;
				CLANG_WARN_EMPTY_BODY = YES;
				CLANG_WARN_ENUM_CONVERSION = YES;
				CLANG_WARN_INFINITE_RECURSION = YES;
				CLANG_WARN_INT_CONVERSION = YES;
				CLANG_WARN_NON_LITERAL_NULL_CONVERSION = YES;
				CLANG_WARN_OBJC_IMPLICIT_RETAIN_SELF = YES;
				CLANG_WARN_OBJC_LITERAL_CONVERSION = YES;
				CLANG_WARN_OBJC_ROOT_CLASS = YES_ERROR;
				CLANG_WARN_QUOTED_INCLUDE_IN_FRAMEWORK_HEADER = YES;
				CLANG_WARN_RANGE_LOOP_ANALYSIS = YES;
				CLANG_WARN_STRICT_PROTOTYPES = YES;
				CLANG_WARN_SUSPICIOUS_MOVE = YES;
				CLANG_WARN_UNGUARDED_AVAILABILITY = YES_AGGRESSIVE;
				CLANG_WARN_UNREACHABLE_CODE = YES;
				CLANG_WARN__DUPLICATE_METHOD_MATCH = YES;
				COPY_PHASE_STRIP = NO;
				DEBUG_INFORMATION_FORMAT = dwarf;
				ENABLE_STRICT_OBJC_MSGSEND = YES;
				ENABLE_TESTABILITY = YES;
				ENABLE_USER_SCRIPT_SANDBOXING = YES;
				GCC_C_LANGUAGE_STANDARD = gnu17;
				GCC_DYNAMIC_NO_PIC = NO;
				GCC_NO_COMMON_BLOCKS = YES;
				GCC_OPTIMIZATION_LEVEL = 0;
				GCC_PREPROCESSOR_DEFINITIONS = (
					"DEBUG=1",
					"$(inherited)",
				);
				GCC_WARN_64_TO_32_BIT_CONVERSION = YES;
				GCC_WARN_ABOUT_RETURN_TYPE = YES_ERROR;
				GCC_WARN_UNDECLARED_SELECTOR = YES;
				GCC_WARN_UNINITIALIZED_AUTOS = YES_AGGRESSIVE;
				GCC_WARN_UNUSED_FUNCTION = YES;
				GCC_WARN_UNUSED_VARIABLE = YES;
				IPHONEOS_DEPLOYMENT_TARGET = 17.0;
				LOCALIZATION_PREFERS_STRING_CATALOGS = YES;
				MTL_ENABLE_DEBUG_INFO = INCLUDE_SOURCE;
				MTL_FAST_MATH = YES;
				ONLY_ACTIVE_ARCH = YES;
				SDKROOT = iphoneos;
				SWIFT_ACTIVE_COMPILATION_CONDITIONS = "DEBUG $(inherited)";
				SWIFT_OPTIMIZATION_LEVEL = "-Onone";
			};
			name = Debug;
		};
		CE345DA12A340759009062DD /* Release */ = {
			isa = XCBuildConfiguration;
			buildSettings = {
				ALWAYS_SEARCH_USER_PATHS = NO;
				ASSETCATALOG_COMPILER_GENERATE_SWIFT_ASSET_SYMBOL_EXTENSIONS = YES;
				CLANG_ANALYZER_NONNULL = YES;
				CLANG_ANALYZER_NUMBER_OBJECT_CONVERSION = YES_AGGRESSIVE;
				CLANG_CXX_LANGUAGE_STANDARD = "gnu++20";
				CLANG_ENABLE_MODULES = YES;
				CLANG_ENABLE_OBJC_ARC = YES;
				CLANG_ENABLE_OBJC_WEAK = YES;
				CLANG_WARN_BLOCK_CAPTURE_AUTORELEASING = YES;
				CLANG_WARN_BOOL_CONVERSION = YES;
				CLANG_WARN_COMMA = YES;
				CLANG_WARN_CONSTANT_CONVERSION = YES;
				CLANG_WARN_DEPRECATED_OBJC_IMPLEMENTATIONS = YES;
				CLANG_WARN_DIRECT_OBJC_ISA_USAGE = YES_ERROR;
				CLANG_WARN_DOCUMENTATION_COMMENTS = YES;
				CLANG_WARN_EMPTY_BODY = YES;
				CLANG_WARN_ENUM_CONVERSION = YES;
				CLANG_WARN_INFINITE_RECURSION = YES;
				CLANG_WARN_INT_CONVERSION = YES;
				CLANG_WARN_NON_LITERAL_NULL_CONVERSION = YES;
				CLANG_WARN_OBJC_IMPLICIT_RETAIN_SELF = YES;
				CLANG_WARN_OBJC_LITERAL_CONVERSION = YES;
				CLANG_WARN_OBJC_ROOT_CLASS = YES_ERROR;
				CLANG_WARN_QUOTED_INCLUDE_IN_FRAMEWORK_HEADER = YES;
				CLANG_WARN_RANGE_LOOP_ANALYSIS = YES;
				CLANG_WARN_STRICT_PROTOTYPES = YES;
				CLANG_WARN_SUSPICIOUS_MOVE = YES;
				CLANG_WARN_UNGUARDED_AVAILABILITY = YES_AGGRESSIVE;
				CLANG_WARN_UNREACHABLE_CODE = YES;
				CLANG_WARN__DUPLICATE_METHOD_MATCH = YES;
				COPY_PHASE_STRIP = NO;
				DEBUG_INFORMATION_FORMAT = "dwarf-with-dsym";
				ENABLE_NS_ASSERTIONS = NO;
				ENABLE_STRICT_OBJC_MSGSEND = YES;
				ENABLE_USER_SCRIPT_SANDBOXING = YES;
				GCC_C_LANGUAGE_STANDARD = gnu17;
				GCC_NO_COMMON_BLOCKS = YES;
				GCC_WARN_64_TO_32_BIT_CONVERSION = YES;
				GCC_WARN_ABOUT_RETURN_TYPE = YES_ERROR;
				GCC_WARN_UNDECLARED_SELECTOR = YES;
				GCC_WARN_UNINITIALIZED_AUTOS = YES_AGGRESSIVE;
				GCC_WARN_UNUSED_FUNCTION = YES;
				GCC_WARN_UNUSED_VARIABLE = YES;
				IPHONEOS_DEPLOYMENT_TARGET = 17.0;
				LOCALIZATION_PREFERS_STRING_CATALOGS = YES;
				MTL_ENABLE_DEBUG_INFO = NO;
				MTL_FAST_MATH = YES;
				SDKROOT = iphoneos;
				SWIFT_COMPILATION_MODE = wholemodule;
				VALIDATE_PRODUCT = YES;
			};
			name = Release;
		};
		CE345DA32A340759009062DD /* Debug */ = {
			isa = XCBuildConfiguration;
			buildSettings = {
				ALWAYS_EMBED_SWIFT_STANDARD_LIBRARIES = YES;
				ASSETCATALOG_COMPILER_APPICON_NAME = AppIcon;
				ASSETCATALOG_COMPILER_GLOBAL_ACCENT_COLOR_NAME = AccentColor;
				CODE_SIGN_STYLE = Automatic;
				CURRENT_PROJECT_VERSION = 1;
				DEVELOPMENT_ASSET_PATHS = "\"Subt/Preview Content\"";
				DEVELOPMENT_TEAM = 8UV3Y69NB7;
				ENABLE_PREVIEWS = YES;
				GENERATE_INFOPLIST_FILE = YES;
				INFOPLIST_FILE = Subt/Info.plist;
				INFOPLIST_KEY_NSSupportsLiveActivities = YES;
				INFOPLIST_KEY_UIApplicationSceneManifest_Generation = YES;
				INFOPLIST_KEY_UIApplicationSupportsIndirectInputEvents = YES;
				INFOPLIST_KEY_UILaunchScreen_Generation = YES;
				INFOPLIST_KEY_UISupportedInterfaceOrientations = UIInterfaceOrientationPortrait;
				INFOPLIST_KEY_UISupportedInterfaceOrientations_iPad = "UIInterfaceOrientationLandscapeLeft UIInterfaceOrientationLandscapeRight UIInterfaceOrientationPortrait UIInterfaceOrientationPortraitUpsideDown";
				LD_RUNPATH_SEARCH_PATHS = (
					"$(inherited)",
					"@executable_path/Frameworks",
				);
				MARKETING_VERSION = 1.0;
				PRODUCT_BUNDLE_IDENTIFIER = gutim.Subt;
				PRODUCT_NAME = "$(TARGET_NAME)";
				SUPPORTED_PLATFORMS = "iphoneos iphonesimulator";
				SUPPORTS_MACCATALYST = NO;
				SUPPORTS_MAC_DESIGNED_FOR_IPHONE_IPAD = NO;
				SWIFT_EMIT_LOC_STRINGS = YES;
				SWIFT_VERSION = 5.0;
				TARGETED_DEVICE_FAMILY = 1;
			};
			name = Debug;
		};
		CE345DA42A340759009062DD /* Release */ = {
			isa = XCBuildConfiguration;
			buildSettings = {
				ALWAYS_EMBED_SWIFT_STANDARD_LIBRARIES = YES;
				ASSETCATALOG_COMPILER_APPICON_NAME = AppIcon;
				ASSETCATALOG_COMPILER_GLOBAL_ACCENT_COLOR_NAME = AccentColor;
				CODE_SIGN_STYLE = Automatic;
				CURRENT_PROJECT_VERSION = 1;
				DEVELOPMENT_ASSET_PATHS = "\"Subt/Preview Content\"";
				DEVELOPMENT_TEAM = 8UV3Y69NB7;
				ENABLE_PREVIEWS = YES;
				GENERATE_INFOPLIST_FILE = YES;
				INFOPLIST_FILE = Subt/Info.plist;
				INFOPLIST_KEY_NSSupportsLiveActivities = YES;
				INFOPLIST_KEY_UIApplicationSceneManifest_Generation = YES;
				INFOPLIST_KEY_UIApplicationSupportsIndirectInputEvents = YES;
				INFOPLIST_KEY_UILaunchScreen_Generation = YES;
				INFOPLIST_KEY_UISupportedInterfaceOrientations = UIInterfaceOrientationPortrait;
				INFOPLIST_KEY_UISupportedInterfaceOrientations_iPad = "UIInterfaceOrientationLandscapeLeft UIInterfaceOrientationLandscapeRight UIInterfaceOrientationPortrait UIInterfaceOrientationPortraitUpsideDown";
				LD_RUNPATH_SEARCH_PATHS = (
					"$(inherited)",
					"@executable_path/Frameworks",
				);
				MARKETING_VERSION = 1.0;
				PRODUCT_BUNDLE_IDENTIFIER = gutim.Subt;
				PRODUCT_NAME = "$(TARGET_NAME)";
				SUPPORTED_PLATFORMS = "iphoneos iphonesimulator";
				SUPPORTS_MACCATALYST = NO;
				SUPPORTS_MAC_DESIGNED_FOR_IPHONE_IPAD = NO;
				SWIFT_EMIT_LOC_STRINGS = YES;
				SWIFT_VERSION = 5.0;
				TARGETED_DEVICE_FAMILY = 1;
			};
			name = Release;
		};
		CE345DA62A340759009062DD /* Debug */ = {
			isa = XCBuildConfiguration;
			buildSettings = {
				ALWAYS_EMBED_SWIFT_STANDARD_LIBRARIES = YES;
				BUNDLE_LOADER = "$(TEST_HOST)";
				CODE_SIGN_STYLE = Automatic;
				CURRENT_PROJECT_VERSION = 1;
				DEVELOPMENT_TEAM = 8UV3Y69NB7;
				GENERATE_INFOPLIST_FILE = YES;
				IPHONEOS_DEPLOYMENT_TARGET = 17.0;
				MARKETING_VERSION = 1.0;
				PRODUCT_BUNDLE_IDENTIFIER = gutim.SubtTests;
				PRODUCT_NAME = "$(TARGET_NAME)";
				SWIFT_EMIT_LOC_STRINGS = NO;
				SWIFT_VERSION = 5.0;
				TARGETED_DEVICE_FAMILY = "1,2";
				TEST_HOST = "$(BUILT_PRODUCTS_DIR)/Subt.app/$(BUNDLE_EXECUTABLE_FOLDER_PATH)/Subt";
			};
			name = Debug;
		};
		CE345DA72A340759009062DD /* Release */ = {
			isa = XCBuildConfiguration;
			buildSettings = {
				ALWAYS_EMBED_SWIFT_STANDARD_LIBRARIES = YES;
				BUNDLE_LOADER = "$(TEST_HOST)";
				CODE_SIGN_STYLE = Automatic;
				CURRENT_PROJECT_VERSION = 1;
				DEVELOPMENT_TEAM = 8UV3Y69NB7;
				GENERATE_INFOPLIST_FILE = YES;
				IPHONEOS_DEPLOYMENT_TARGET = 17.0;
				MARKETING_VERSION = 1.0;
				PRODUCT_BUNDLE_IDENTIFIER = gutim.SubtTests;
				PRODUCT_NAME = "$(TARGET_NAME)";
				SWIFT_EMIT_LOC_STRINGS = NO;
				SWIFT_VERSION = 5.0;
				TARGETED_DEVICE_FAMILY = "1,2";
				TEST_HOST = "$(BUILT_PRODUCTS_DIR)/Subt.app/$(BUNDLE_EXECUTABLE_FOLDER_PATH)/Subt";
			};
			name = Release;
		};
		CE345DA92A340759009062DD /* Debug */ = {
			isa = XCBuildConfiguration;
			buildSettings = {
				ALWAYS_EMBED_SWIFT_STANDARD_LIBRARIES = YES;
				CODE_SIGN_STYLE = Automatic;
				CURRENT_PROJECT_VERSION = 1;
				DEVELOPMENT_TEAM = 8UV3Y69NB7;
				GENERATE_INFOPLIST_FILE = YES;
				MARKETING_VERSION = 1.0;
				PRODUCT_BUNDLE_IDENTIFIER = gutim.SubtUITests;
				PRODUCT_NAME = "$(TARGET_NAME)";
				SWIFT_EMIT_LOC_STRINGS = NO;
				SWIFT_VERSION = 5.0;
				TARGETED_DEVICE_FAMILY = "1,2";
				TEST_TARGET_NAME = Subt;
			};
			name = Debug;
		};
		CE345DAA2A340759009062DD /* Release */ = {
			isa = XCBuildConfiguration;
			buildSettings = {
				ALWAYS_EMBED_SWIFT_STANDARD_LIBRARIES = YES;
				CODE_SIGN_STYLE = Automatic;
				CURRENT_PROJECT_VERSION = 1;
				DEVELOPMENT_TEAM = 8UV3Y69NB7;
				GENERATE_INFOPLIST_FILE = YES;
				MARKETING_VERSION = 1.0;
				PRODUCT_BUNDLE_IDENTIFIER = gutim.SubtUITests;
				PRODUCT_NAME = "$(TARGET_NAME)";
				SWIFT_EMIT_LOC_STRINGS = NO;
				SWIFT_VERSION = 5.0;
				TARGETED_DEVICE_FAMILY = "1,2";
				TEST_TARGET_NAME = Subt;
			};
			name = Release;
		};
		CE345DC52A34077E009062DD /* Debug */ = {
			isa = XCBuildConfiguration;
			buildSettings = {
				ASSETCATALOG_COMPILER_GLOBAL_ACCENT_COLOR_NAME = AccentColor;
				ASSETCATALOG_COMPILER_WIDGET_BACKGROUND_COLOR_NAME = WidgetBackground;
				CODE_SIGN_STYLE = Automatic;
				CURRENT_PROJECT_VERSION = 1;
				DEVELOPMENT_TEAM = 8UV3Y69NB7;
				GENERATE_INFOPLIST_FILE = YES;
				INFOPLIST_FILE = SubtWidget/Info.plist;
				INFOPLIST_KEY_CFBundleDisplayName = SubtWidget;
				INFOPLIST_KEY_NSHumanReadableCopyright = "";
				LD_RUNPATH_SEARCH_PATHS = (
					"$(inherited)",
					"@executable_path/Frameworks",
					"@executable_path/../../Frameworks",
				);
				MARKETING_VERSION = 1.0;
				PRODUCT_BUNDLE_IDENTIFIER = gutim.Subt.SubtWidget;
				PRODUCT_NAME = "$(TARGET_NAME)";
				SKIP_INSTALL = YES;
				SWIFT_EMIT_LOC_STRINGS = YES;
				SWIFT_VERSION = 5.0;
				TARGETED_DEVICE_FAMILY = "1,2";
			};
			name = Debug;
		};
		CE345DC62A34077E009062DD /* Release */ = {
			isa = XCBuildConfiguration;
			buildSettings = {
				ASSETCATALOG_COMPILER_GLOBAL_ACCENT_COLOR_NAME = AccentColor;
				ASSETCATALOG_COMPILER_WIDGET_BACKGROUND_COLOR_NAME = WidgetBackground;
				CODE_SIGN_STYLE = Automatic;
				CURRENT_PROJECT_VERSION = 1;
				DEVELOPMENT_TEAM = 8UV3Y69NB7;
				GENERATE_INFOPLIST_FILE = YES;
				INFOPLIST_FILE = SubtWidget/Info.plist;
				INFOPLIST_KEY_CFBundleDisplayName = SubtWidget;
				INFOPLIST_KEY_NSHumanReadableCopyright = "";
				LD_RUNPATH_SEARCH_PATHS = (
					"$(inherited)",
					"@executable_path/Frameworks",
					"@executable_path/../../Frameworks",
				);
				MARKETING_VERSION = 1.0;
				PRODUCT_BUNDLE_IDENTIFIER = gutim.Subt.SubtWidget;
				PRODUCT_NAME = "$(TARGET_NAME)";
				SKIP_INSTALL = YES;
				SWIFT_EMIT_LOC_STRINGS = YES;
				SWIFT_VERSION = 5.0;
				TARGETED_DEVICE_FAMILY = "1,2";
			};
			name = Release;
		};
/* End XCBuildConfiguration section */

/* Begin XCConfigurationList section */
		CE345D772A340757009062DD /* Build configuration list for PBXProject "Subt" */ = {
			isa = XCConfigurationList;
			buildConfigurations = (
				CE345DA02A340759009062DD /* Debug */,
				CE345DA12A340759009062DD /* Release */,
			);
			defaultConfigurationIsVisible = 0;
			defaultConfigurationName = Release;
		};
		CE345DA22A340759009062DD /* Build configuration list for PBXNativeTarget "Subt" */ = {
			isa = XCConfigurationList;
			buildConfigurations = (
				CE345DA32A340759009062DD /* Debug */,
				CE345DA42A340759009062DD /* Release */,
			);
			defaultConfigurationIsVisible = 0;
			defaultConfigurationName = Release;
		};
		CE345DA52A340759009062DD /* Build configuration list for PBXNativeTarget "SubtTests" */ = {
			isa = XCConfigurationList;
			buildConfigurations = (
				CE345DA62A340759009062DD /* Debug */,
				CE345DA72A340759009062DD /* Release */,
			);
			defaultConfigurationIsVisible = 0;
			defaultConfigurationName = Release;
		};
		CE345DA82A340759009062DD /* Build configuration list for PBXNativeTarget "SubtUITests" */ = {
			isa = XCConfigurationList;
			buildConfigurations = (
				CE345DA92A340759009062DD /* Debug */,
				CE345DAA2A340759009062DD /* Release */,
			);
			defaultConfigurationIsVisible = 0;
			defaultConfigurationName = Release;
		};
		CE345DC42A34077E009062DD /* Build configuration list for PBXNativeTarget "SubtWidgetExtension" */ = {
			isa = XCConfigurationList;
			buildConfigurations = (
				CE345DC52A34077E009062DD /* Debug */,
				CE345DC62A34077E009062DD /* Release */,
			);
			defaultConfigurationIsVisible = 0;
			defaultConfigurationName = Release;
		};
/* End XCConfigurationList section */
	};
	rootObject = CE345D742A340757009062DD /* Project object */;
}
